
Microsoft Visual Studio Solution File, Format Version 12.00
# Visual Studio 14
VisualStudioVersion = 14.0.25420.1
MinimumVisualStudioVersion = 10.0.40219.1
Project("{8BC9CEB8-8B4A-11D0-8D11-00A0C91BC942}") = "Win32Project1", "Win32Project1\Win32Project1.vcxproj", "{0147E5F3-326B-45D2-8E83-7A97DC8A2E07}"
EndProject
Project("{8BC9CEB8-8B4A-11D0-8D11-00A0C91BC942}") = "ConsoleApplication", "ConsoleApplication\ConsoleApplication.vcxproj", "{838AD147-56A9-4F1D-98B9-52D9B9844A2D}"
EndProject
Project("{8BC9CEB8-8B4A-11D0-8D11-00A0C91BC942}") = "libvorbis_static", "libvorbis-1.3.5\win32\VS2010\libvorbis\libvorbis_static.vcxproj", "{3A214E06-B95E-4D61-A291-1F8DF2EC10FD}"
EndProject
Project("{8BC9CEB8-8B4A-11D0-8D11-00A0C91BC942}") = "libvorbisfile", "libvorbis-1.3.5\win32\VS2010\libvorbisfile\libvorbisfile_static.vcxproj", "{CEBDE98B-A6AA-46E6-BC79-FAAF823DB9EC}"
EndProject
Project("{8BC9CEB8-8B4A-11D0-8D11-00A0C91BC942}") = "libogg_static", "libogg-1.3.2\win32\VS2010\libogg_static.vcxproj", "{15CBFEFF-7965-41F5-B4E2-21E8795C9159}"
EndProject
Project("{8BC9CEB8-8B4A-11D0-8D11-00A0C91BC942}") = "LibPNG", "LibPNG\LibPNG.2013.vcxproj", "{7DB10B50-CE00-4D7A-B322-6824F05D2FCB}"
EndProject
Project("{8BC9CEB8-8B4A-11D0-8D11-00A0C91BC942}") = "ZLib", "ZLib\ZLib.2013.vcxproj", "{33134F61-C1AD-4B6F-9CEA-503A9F140C52}"
EndProject
Global
	GlobalSection(SolutionConfigurationPlatforms) = preSolution
		Debug Multithreaded|x64 = Debug Multithreaded|x64
		Debug Multithreaded|x86 = Debug Multithreaded|x86
		Debug Singlethreaded|x64 = Debug Singlethreaded|x64
		Debug Singlethreaded|x86 = Debug Singlethreaded|x86
		Debug|x64 = Debug|x64
		Debug|x86 = Debug|x86
		Release Multithreaded|x64 = Release Multithreaded|x64
		Release Multithreaded|x86 = Release Multithreaded|x86
		Release Singlethreaded|x64 = Release Singlethreaded|x64
		Release Singlethreaded|x86 = Release Singlethreaded|x86
		Release|x64 = Release|x64
		Release|x86 = Release|x86
		Win7Release|x64 = Win7Release|x64
		Win7Release|x86 = Win7Release|x86
	EndGlobalSection
	GlobalSection(ProjectConfigurationPlatforms) = postSolution
		{0147E5F3-326B-45D2-8E83-7A97DC8A2E07}.Debug Multithreaded|x64.ActiveCfg = Debug|x64
		{0147E5F3-326B-45D2-8E83-7A97DC8A2E07}.Debug Multithreaded|x64.Build.0 = Debug|x64
		{0147E5F3-326B-45D2-8E83-7A97DC8A2E07}.Debug Multithreaded|x86.ActiveCfg = Debug|Win32
		{0147E5F3-326B-45D2-8E83-7A97DC8A2E07}.Debug Multithreaded|x86.Build.0 = Debug|Win32
		{0147E5F3-326B-45D2-8E83-7A97DC8A2E07}.Debug Singlethreaded|x64.ActiveCfg = Debug|x64
		{0147E5F3-326B-45D2-8E83-7A97DC8A2E07}.Debug Singlethreaded|x64.Build.0 = Debug|x64
		{0147E5F3-326B-45D2-8E83-7A97DC8A2E07}.Debug Singlethreaded|x86.ActiveCfg = Debug|Win32
		{0147E5F3-326B-45D2-8E83-7A97DC8A2E07}.Debug Singlethreaded|x86.Build.0 = Debug|Win32
		{0147E5F3-326B-45D2-8E83-7A97DC8A2E07}.Debug|x64.ActiveCfg = Debug|x64
		{0147E5F3-326B-45D2-8E83-7A97DC8A2E07}.Debug|x64.Build.0 = Debug|x64
		{0147E5F3-326B-45D2-8E83-7A97DC8A2E07}.Debug|x86.ActiveCfg = Debug|Win32
		{0147E5F3-326B-45D2-8E83-7A97DC8A2E07}.Debug|x86.Build.0 = Debug|Win32
		{0147E5F3-326B-45D2-8E83-7A97DC8A2E07}.Release Multithreaded|x64.ActiveCfg = Release|x64
		{0147E5F3-326B-45D2-8E83-7A97DC8A2E07}.Release Multithreaded|x64.Build.0 = Release|x64
		{0147E5F3-326B-45D2-8E83-7A97DC8A2E07}.Release Multithreaded|x86.ActiveCfg = Release|Win32
		{0147E5F3-326B-45D2-8E83-7A97DC8A2E07}.Release Multithreaded|x86.Build.0 = Release|Win32
		{0147E5F3-326B-45D2-8E83-7A97DC8A2E07}.Release Singlethreaded|x64.ActiveCfg = Release|x64
		{0147E5F3-326B-45D2-8E83-7A97DC8A2E07}.Release Singlethreaded|x64.Build.0 = Release|x64
		{0147E5F3-326B-45D2-8E83-7A97DC8A2E07}.Release Singlethreaded|x86.ActiveCfg = Release|Win32
		{0147E5F3-326B-45D2-8E83-7A97DC8A2E07}.Release Singlethreaded|x86.Build.0 = Release|Win32
		{0147E5F3-326B-45D2-8E83-7A97DC8A2E07}.Release|x64.ActiveCfg = Release|x64
		{0147E5F3-326B-45D2-8E83-7A97DC8A2E07}.Release|x64.Build.0 = Release|x64
		{0147E5F3-326B-45D2-8E83-7A97DC8A2E07}.Release|x86.ActiveCfg = Release|Win32
		{0147E5F3-326B-45D2-8E83-7A97DC8A2E07}.Release|x86.Build.0 = Release|Win32
		{0147E5F3-326B-45D2-8E83-7A97DC8A2E07}.Win7Release|x64.ActiveCfg = Win7Release|x64
		{0147E5F3-326B-45D2-8E83-7A97DC8A2E07}.Win7Release|x64.Build.0 = Win7Release|x64
		{0147E5F3-326B-45D2-8E83-7A97DC8A2E07}.Win7Release|x86.ActiveCfg = Win7Release|Win32
		{0147E5F3-326B-45D2-8E83-7A97DC8A2E07}.Win7Release|x86.Build.0 = Win7Release|Win32
		{838AD147-56A9-4F1D-98B9-52D9B9844A2D}.Debug Multithreaded|x64.ActiveCfg = Debug|x64
		{838AD147-56A9-4F1D-98B9-52D9B9844A2D}.Debug Multithreaded|x64.Build.0 = Debug|x64
		{838AD147-56A9-4F1D-98B9-52D9B9844A2D}.Debug Multithreaded|x86.ActiveCfg = Debug|Win32
		{838AD147-56A9-4F1D-98B9-52D9B9844A2D}.Debug Multithreaded|x86.Build.0 = Debug|Win32
		{838AD147-56A9-4F1D-98B9-52D9B9844A2D}.Debug Singlethreaded|x64.ActiveCfg = Debug|x64
		{838AD147-56A9-4F1D-98B9-52D9B9844A2D}.Debug Singlethreaded|x64.Build.0 = Debug|x64
		{838AD147-56A9-4F1D-98B9-52D9B9844A2D}.Debug Singlethreaded|x86.ActiveCfg = Debug|Win32
		{838AD147-56A9-4F1D-98B9-52D9B9844A2D}.Debug Singlethreaded|x86.Build.0 = Debug|Win32
		{838AD147-56A9-4F1D-98B9-52D9B9844A2D}.Debug|x64.ActiveCfg = Debug|x64
		{838AD147-56A9-4F1D-98B9-52D9B9844A2D}.Debug|x64.Build.0 = Debug|x64
		{838AD147-56A9-4F1D-98B9-52D9B9844A2D}.Debug|x86.ActiveCfg = Debug|Win32
		{838AD147-56A9-4F1D-98B9-52D9B9844A2D}.Debug|x86.Build.0 = Debug|Win32
		{838AD147-56A9-4F1D-98B9-52D9B9844A2D}.Release Multithreaded|x64.ActiveCfg = Release|x64
		{838AD147-56A9-4F1D-98B9-52D9B9844A2D}.Release Multithreaded|x64.Build.0 = Release|x64
		{838AD147-56A9-4F1D-98B9-52D9B9844A2D}.Release Multithreaded|x86.ActiveCfg = Release|Win32
		{838AD147-56A9-4F1D-98B9-52D9B9844A2D}.Release Multithreaded|x86.Build.0 = Release|Win32
		{838AD147-56A9-4F1D-98B9-52D9B9844A2D}.Release Singlethreaded|x64.ActiveCfg = Release|x64
		{838AD147-56A9-4F1D-98B9-52D9B9844A2D}.Release Singlethreaded|x64.Build.0 = Release|x64
		{838AD147-56A9-4F1D-98B9-52D9B9844A2D}.Release Singlethreaded|x86.ActiveCfg = Release|Win32
		{838AD147-56A9-4F1D-98B9-52D9B9844A2D}.Release Singlethreaded|x86.Build.0 = Release|Win32
		{838AD147-56A9-4F1D-98B9-52D9B9844A2D}.Release|x64.ActiveCfg = Release|x64
		{838AD147-56A9-4F1D-98B9-52D9B9844A2D}.Release|x64.Build.0 = Release|x64
		{838AD147-56A9-4F1D-98B9-52D9B9844A2D}.Release|x86.ActiveCfg = Release|Win32
		{838AD147-56A9-4F1D-98B9-52D9B9844A2D}.Release|x86.Build.0 = Release|Win32
		{838AD147-56A9-4F1D-98B9-52D9B9844A2D}.Win7Release|x64.ActiveCfg = Win7Release|x64
		{838AD147-56A9-4F1D-98B9-52D9B9844A2D}.Win7Release|x64.Build.0 = Win7Release|x64
		{838AD147-56A9-4F1D-98B9-52D9B9844A2D}.Win7Release|x86.ActiveCfg = Win7Release|Win32
		{838AD147-56A9-4F1D-98B9-52D9B9844A2D}.Win7Release|x86.Build.0 = Win7Release|Win32
		{3A214E06-B95E-4D61-A291-1F8DF2EC10FD}.Debug Multithreaded|x64.ActiveCfg = Debug|x64
		{3A214E06-B95E-4D61-A291-1F8DF2EC10FD}.Debug Multithreaded|x64.Build.0 = Debug|x64
		{3A214E06-B95E-4D61-A291-1F8DF2EC10FD}.Debug Multithreaded|x86.ActiveCfg = Debug|Win32
		{3A214E06-B95E-4D61-A291-1F8DF2EC10FD}.Debug Multithreaded|x86.Build.0 = Debug|Win32
		{3A214E06-B95E-4D61-A291-1F8DF2EC10FD}.Debug Singlethreaded|x64.ActiveCfg = Debug|x64
		{3A214E06-B95E-4D61-A291-1F8DF2EC10FD}.Debug Singlethreaded|x64.Build.0 = Debug|x64
		{3A214E06-B95E-4D61-A291-1F8DF2EC10FD}.Debug Singlethreaded|x86.ActiveCfg = Debug|Win32
		{3A214E06-B95E-4D61-A291-1F8DF2EC10FD}.Debug Singlethreaded|x86.Build.0 = Debug|Win32
		{3A214E06-B95E-4D61-A291-1F8DF2EC10FD}.Debug|x64.ActiveCfg = Debug|x64
		{3A214E06-B95E-4D61-A291-1F8DF2EC10FD}.Debug|x64.Build.0 = Debug|x64
		{3A214E06-B95E-4D61-A291-1F8DF2EC10FD}.Debug|x86.ActiveCfg = Debug|Win32
		{3A214E06-B95E-4D61-A291-1F8DF2EC10FD}.Debug|x86.Build.0 = Debug|Win32
		{3A214E06-B95E-4D61-A291-1F8DF2EC10FD}.Release Multithreaded|x64.ActiveCfg = Release|x64
		{3A214E06-B95E-4D61-A291-1F8DF2EC10FD}.Release Multithreaded|x64.Build.0 = Release|x64
		{3A214E06-B95E-4D61-A291-1F8DF2EC10FD}.Release Multithreaded|x86.ActiveCfg = Release|Win32
		{3A214E06-B95E-4D61-A291-1F8DF2EC10FD}.Release Multithreaded|x86.Build.0 = Release|Win32
		{3A214E06-B95E-4D61-A291-1F8DF2EC10FD}.Release Singlethreaded|x64.ActiveCfg = Release|x64
		{3A214E06-B95E-4D61-A291-1F8DF2EC10FD}.Release Singlethreaded|x64.Build.0 = Release|x64
		{3A214E06-B95E-4D61-A291-1F8DF2EC10FD}.Release Singlethreaded|x86.ActiveCfg = Release|Win32
		{3A214E06-B95E-4D61-A291-1F8DF2EC10FD}.Release Singlethreaded|x86.Build.0 = Release|Win32
		{3A214E06-B95E-4D61-A291-1F8DF2EC10FD}.Release|x64.ActiveCfg = Release|x64
		{3A214E06-B95E-4D61-A291-1F8DF2EC10FD}.Release|x64.Build.0 = Release|x64
		{3A214E06-B95E-4D61-A291-1F8DF2EC10FD}.Release|x86.ActiveCfg = Release|Win32
		{3A214E06-B95E-4D61-A291-1F8DF2EC10FD}.Release|x86.Build.0 = Release|Win32
		{3A214E06-B95E-4D61-A291-1F8DF2EC10FD}.Win7Release|x64.ActiveCfg = Win7Release|x64
		{3A214E06-B95E-4D61-A291-1F8DF2EC10FD}.Win7Release|x64.Build.0 = Win7Release|x64
		{3A214E06-B95E-4D61-A291-1F8DF2EC10FD}.Win7Release|x86.ActiveCfg = Win7Release|Win32
		{3A214E06-B95E-4D61-A291-1F8DF2EC10FD}.Win7Release|x86.Build.0 = Win7Release|Win32
		{CEBDE98B-A6AA-46E6-BC79-FAAF823DB9EC}.Debug Multithreaded|x64.ActiveCfg = Debug|x64
		{CEBDE98B-A6AA-46E6-BC79-FAAF823DB9EC}.Debug Multithreaded|x64.Build.0 = Debug|x64
		{CEBDE98B-A6AA-46E6-BC79-FAAF823DB9EC}.Debug Multithreaded|x86.ActiveCfg = Debug|Win32
		{CEBDE98B-A6AA-46E6-BC79-FAAF823DB9EC}.Debug Multithreaded|x86.Build.0 = Debug|Win32
		{CEBDE98B-A6AA-46E6-BC79-FAAF823DB9EC}.Debug Singlethreaded|x64.ActiveCfg = Debug|x64
		{CEBDE98B-A6AA-46E6-BC79-FAAF823DB9EC}.Debug Singlethreaded|x64.Build.0 = Debug|x64
		{CEBDE98B-A6AA-46E6-BC79-FAAF823DB9EC}.Debug Singlethreaded|x86.ActiveCfg = Debug|Win32
		{CEBDE98B-A6AA-46E6-BC79-FAAF823DB9EC}.Debug Singlethreaded|x86.Build.0 = Debug|Win32
		{CEBDE98B-A6AA-46E6-BC79-FAAF823DB9EC}.Debug|x64.ActiveCfg = Debug|x64
		{CEBDE98B-A6AA-46E6-BC79-FAAF823DB9EC}.Debug|x64.Build.0 = Debug|x64
		{CEBDE98B-A6AA-46E6-BC79-FAAF823DB9EC}.Debug|x86.ActiveCfg = Debug|Win32
		{CEBDE98B-A6AA-46E6-BC79-FAAF823DB9EC}.Debug|x86.Build.0 = Debug|Win32
		{CEBDE98B-A6AA-46E6-BC79-FAAF823DB9EC}.Release Multithreaded|x64.ActiveCfg = Release|x64
		{CEBDE98B-A6AA-46E6-BC79-FAAF823DB9EC}.Release Multithreaded|x64.Build.0 = Release|x64
		{CEBDE98B-A6AA-46E6-BC79-FAAF823DB9EC}.Release Multithreaded|x86.ActiveCfg = Release|Win32
		{CEBDE98B-A6AA-46E6-BC79-FAAF823DB9EC}.Release Multithreaded|x86.Build.0 = Release|Win32
		{CEBDE98B-A6AA-46E6-BC79-FAAF823DB9EC}.Release Singlethreaded|x64.ActiveCfg = Release|x64
		{CEBDE98B-A6AA-46E6-BC79-FAAF823DB9EC}.Release Singlethreaded|x64.Build.0 = Release|x64
		{CEBDE98B-A6AA-46E6-BC79-FAAF823DB9EC}.Release Singlethreaded|x86.ActiveCfg = Release|Win32
		{CEBDE98B-A6AA-46E6-BC79-FAAF823DB9EC}.Release Singlethreaded|x86.Build.0 = Release|Win32
		{CEBDE98B-A6AA-46E6-BC79-FAAF823DB9EC}.Release|x64.ActiveCfg = Release|x64
		{CEBDE98B-A6AA-46E6-BC79-FAAF823DB9EC}.Release|x64.Build.0 = Release|x64
		{CEBDE98B-A6AA-46E6-BC79-FAAF823DB9EC}.Release|x86.ActiveCfg = Release|Win32
		{CEBDE98B-A6AA-46E6-BC79-FAAF823DB9EC}.Release|x86.Build.0 = Release|Win32
		{CEBDE98B-A6AA-46E6-BC79-FAAF823DB9EC}.Win7Release|x64.ActiveCfg = Win7Release|x64
		{CEBDE98B-A6AA-46E6-BC79-FAAF823DB9EC}.Win7Release|x64.Build.0 = Win7Release|x64
		{CEBDE98B-A6AA-46E6-BC79-FAAF823DB9EC}.Win7Release|x86.ActiveCfg = Win7Release|Win32
		{CEBDE98B-A6AA-46E6-BC79-FAAF823DB9EC}.Win7Release|x86.Build.0 = Win7Release|Win32
		{15CBFEFF-7965-41F5-B4E2-21E8795C9159}.Debug Multithreaded|x64.ActiveCfg = Debug|x64
		{15CBFEFF-7965-41F5-B4E2-21E8795C9159}.Debug Multithreaded|x64.Build.0 = Debug|x64
		{15CBFEFF-7965-41F5-B4E2-21E8795C9159}.Debug Multithreaded|x86.ActiveCfg = Debug|Win32
		{15CBFEFF-7965-41F5-B4E2-21E8795C9159}.Debug Multithreaded|x86.Build.0 = Debug|Win32
		{15CBFEFF-7965-41F5-B4E2-21E8795C9159}.Debug Singlethreaded|x64.ActiveCfg = Debug|x64
		{15CBFEFF-7965-41F5-B4E2-21E8795C9159}.Debug Singlethreaded|x64.Build.0 = Debug|x64
		{15CBFEFF-7965-41F5-B4E2-21E8795C9159}.Debug Singlethreaded|x86.ActiveCfg = Debug|Win32
		{15CBFEFF-7965-41F5-B4E2-21E8795C9159}.Debug Singlethreaded|x86.Build.0 = Debug|Win32
		{15CBFEFF-7965-41F5-B4E2-21E8795C9159}.Debug|x64.ActiveCfg = Debug|x64
		{15CBFEFF-7965-41F5-B4E2-21E8795C9159}.Debug|x64.Build.0 = Debug|x64
		{15CBFEFF-7965-41F5-B4E2-21E8795C9159}.Debug|x86.ActiveCfg = Debug|Win32
		{15CBFEFF-7965-41F5-B4E2-21E8795C9159}.Debug|x86.Build.0 = Debug|Win32
		{15CBFEFF-7965-41F5-B4E2-21E8795C9159}.Release Multithreaded|x64.ActiveCfg = Release|x64
		{15CBFEFF-7965-41F5-B4E2-21E8795C9159}.Release Multithreaded|x64.Build.0 = Release|x64
		{15CBFEFF-7965-41F5-B4E2-21E8795C9159}.Release Multithreaded|x86.ActiveCfg = Release|Win32
		{15CBFEFF-7965-41F5-B4E2-21E8795C9159}.Release Multithreaded|x86.Build.0 = Release|Win32
		{15CBFEFF-7965-41F5-B4E2-21E8795C9159}.Release Singlethreaded|x64.ActiveCfg = Release|x64
		{15CBFEFF-7965-41F5-B4E2-21E8795C9159}.Release Singlethreaded|x64.Build.0 = Release|x64
		{15CBFEFF-7965-41F5-B4E2-21E8795C9159}.Release Singlethreaded|x86.ActiveCfg = Release|Win32
		{15CBFEFF-7965-41F5-B4E2-21E8795C9159}.Release Singlethreaded|x86.Build.0 = Release|Win32
		{15CBFEFF-7965-41F5-B4E2-21E8795C9159}.Release|x64.ActiveCfg = Release|x64
		{15CBFEFF-7965-41F5-B4E2-21E8795C9159}.Release|x64.Build.0 = Release|x64
		{15CBFEFF-7965-41F5-B4E2-21E8795C9159}.Release|x86.ActiveCfg = Release|Win32
		{15CBFEFF-7965-41F5-B4E2-21E8795C9159}.Release|x86.Build.0 = Release|Win32
		{15CBFEFF-7965-41F5-B4E2-21E8795C9159}.Win7Release|x64.ActiveCfg = Win7Release|x64
		{15CBFEFF-7965-41F5-B4E2-21E8795C9159}.Win7Release|x64.Build.0 = Win7Release|x64
		{15CBFEFF-7965-41F5-B4E2-21E8795C9159}.Win7Release|x86.ActiveCfg = Win7Release|Win32
		{15CBFEFF-7965-41F5-B4E2-21E8795C9159}.Win7Release|x86.Build.0 = Win7Release|Win32
		{7DB10B50-CE00-4D7A-B322-6824F05D2FCB}.Debug Multithreaded|x64.ActiveCfg = Debug|x64
		{7DB10B50-CE00-4D7A-B322-6824F05D2FCB}.Debug Multithreaded|x64.Build.0 = Debug|x64
		{7DB10B50-CE00-4D7A-B322-6824F05D2FCB}.Debug Multithreaded|x86.ActiveCfg = Debug|Win32
		{7DB10B50-CE00-4D7A-B322-6824F05D2FCB}.Debug Multithreaded|x86.Build.0 = Debug|Win32
		{7DB10B50-CE00-4D7A-B322-6824F05D2FCB}.Debug Singlethreaded|x64.ActiveCfg = Debug|x64
		{7DB10B50-CE00-4D7A-B322-6824F05D2FCB}.Debug Singlethreaded|x64.Build.0 = Debug|x64
		{7DB10B50-CE00-4D7A-B322-6824F05D2FCB}.Debug Singlethreaded|x86.ActiveCfg = Debug|Win32
		{7DB10B50-CE00-4D7A-B322-6824F05D2FCB}.Debug Singlethreaded|x86.Build.0 = Debug|Win32
		{7DB10B50-CE00-4D7A-B322-6824F05D2FCB}.Debug|x64.ActiveCfg = Debug|x64
		{7DB10B50-CE00-4D7A-B322-6824F05D2FCB}.Debug|x64.Build.0 = Debug|x64
		{7DB10B50-CE00-4D7A-B322-6824F05D2FCB}.Debug|x86.ActiveCfg = Debug|Win32
		{7DB10B50-CE00-4D7A-B322-6824F05D2FCB}.Debug|x86.Build.0 = Debug|Win32
		{7DB10B50-CE00-4D7A-B322-6824F05D2FCB}.Release Multithreaded|x64.ActiveCfg = Release|x64
		{7DB10B50-CE00-4D7A-B322-6824F05D2FCB}.Release Multithreaded|x64.Build.0 = Release|x64
		{7DB10B50-CE00-4D7A-B322-6824F05D2FCB}.Release Multithreaded|x86.ActiveCfg = Release|Win32
		{7DB10B50-CE00-4D7A-B322-6824F05D2FCB}.Release Multithreaded|x86.Build.0 = Release|Win32
		{7DB10B50-CE00-4D7A-B322-6824F05D2FCB}.Release Singlethreaded|x64.ActiveCfg = Release|x64
		{7DB10B50-CE00-4D7A-B322-6824F05D2FCB}.Release Singlethreaded|x64.Build.0 = Release|x64
		{7DB10B50-CE00-4D7A-B322-6824F05D2FCB}.Release Singlethreaded|x86.ActiveCfg = Release|Win32
		{7DB10B50-CE00-4D7A-B322-6824F05D2FCB}.Release Singlethreaded|x86.Build.0 = Release|Win32
		{7DB10B50-CE00-4D7A-B322-6824F05D2FCB}.Release|x64.ActiveCfg = Release|x64
		{7DB10B50-CE00-4D7A-B322-6824F05D2FCB}.Release|x64.Build.0 = Release|x64
		{7DB10B50-CE00-4D7A-B322-6824F05D2FCB}.Release|x86.ActiveCfg = Release|Win32
		{7DB10B50-CE00-4D7A-B322-6824F05D2FCB}.Release|x86.Build.0 = Release|Win32
		{7DB10B50-CE00-4D7A-B322-6824F05D2FCB}.Win7Release|x64.ActiveCfg = Win7Release|x64
		{7DB10B50-CE00-4D7A-B322-6824F05D2FCB}.Win7Release|x64.Build.0 = Win7Release|x64
		{7DB10B50-CE00-4D7A-B322-6824F05D2FCB}.Win7Release|x86.ActiveCfg = Win7Release|Win32
		{7DB10B50-CE00-4D7A-B322-6824F05D2FCB}.Win7Release|x86.Build.0 = Win7Release|Win32
		{33134F61-C1AD-4B6F-9CEA-503A9F140C52}.Debug Multithreaded|x64.ActiveCfg = Debug|x64
		{33134F61-C1AD-4B6F-9CEA-503A9F140C52}.Debug Multithreaded|x64.Build.0 = Debug|x64
		{33134F61-C1AD-4B6F-9CEA-503A9F140C52}.Debug Multithreaded|x86.ActiveCfg = Debug|Win32
		{33134F61-C1AD-4B6F-9CEA-503A9F140C52}.Debug Multithreaded|x86.Build.0 = Debug|Win32
		{33134F61-C1AD-4B6F-9CEA-503A9F140C52}.Debug Singlethreaded|x64.ActiveCfg = Debug|x64
		{33134F61-C1AD-4B6F-9CEA-503A9F140C52}.Debug Singlethreaded|x64.Build.0 = Debug|x64
		{33134F61-C1AD-4B6F-9CEA-503A9F140C52}.Debug Singlethreaded|x86.ActiveCfg = Debug|Win32
		{33134F61-C1AD-4B6F-9CEA-503A9F140C52}.Debug Singlethreaded|x86.Build.0 = Debug|Win32
		{33134F61-C1AD-4B6F-9CEA-503A9F140C52}.Debug|x64.ActiveCfg = Debug|x64
		{33134F61-C1AD-4B6F-9CEA-503A9F140C52}.Debug|x64.Build.0 = Debug|x64
		{33134F61-C1AD-4B6F-9CEA-503A9F140C52}.Debug|x86.ActiveCfg = Debug|Win32
		{33134F61-C1AD-4B6F-9CEA-503A9F140C52}.Debug|x86.Build.0 = Debug|Win32
		{33134F61-C1AD-4B6F-9CEA-503A9F140C52}.Release Multithreaded|x64.ActiveCfg = Release|x64
		{33134F61-C1AD-4B6F-9CEA-503A9F140C52}.Release Multithreaded|x64.Build.0 = Release|x64
		{33134F61-C1AD-4B6F-9CEA-503A9F140C52}.Release Multithreaded|x86.ActiveCfg = Release|Win32
		{33134F61-C1AD-4B6F-9CEA-503A9F140C52}.Release Multithreaded|x86.Build.0 = Release|Win32
		{33134F61-C1AD-4B6F-9CEA-503A9F140C52}.Release Singlethreaded|x64.ActiveCfg = Release|x64
		{33134F61-C1AD-4B6F-9CEA-503A9F140C52}.Release Singlethreaded|x64.Build.0 = Release|x64
		{33134F61-C1AD-4B6F-9CEA-503A9F140C52}.Release Singlethreaded|x86.ActiveCfg = Release|Win32
		{33134F61-C1AD-4B6F-9CEA-503A9F140C52}.Release Singlethreaded|x86.Build.0 = Release|Win32
		{33134F61-C1AD-4B6F-9CEA-503A9F140C52}.Release|x64.ActiveCfg = Release|x64
		{33134F61-C1AD-4B6F-9CEA-503A9F140C52}.Release|x64.Build.0 = Release|x64
		{33134F61-C1AD-4B6F-9CEA-503A9F140C52}.Release|x86.ActiveCfg = Release|Win32
		{33134F61-C1AD-4B6F-9CEA-503A9F140C52}.Release|x86.Build.0 = Release|Win32
		{33134F61-C1AD-4B6F-9CEA-503A9F140C52}.Win7Release|x64.ActiveCfg = Release|x64
		{33134F61-C1AD-4B6F-9CEA-503A9F140C52}.Win7Release|x64.Build.0 = Release|x64
		{33134F61-C1AD-4B6F-9CEA-503A9F140C52}.Win7Release|x86.ActiveCfg = Release|Win32
		{33134F61-C1AD-4B6F-9CEA-503A9F140C52}.Win7Release|x86.Build.0 = Release|Win32
	EndGlobalSection
	GlobalSection(SolutionProperties) = preSolution
		HideSolutionNode = FALSE
	EndGlobalSection
EndGlobal
